
Microsoft Visual Studio Solution File, Format Version 12.00
# Visual Studio Version 17
VisualStudioVersion = 17.9.34714.143
MinimumVisualStudioVersion = 10.0.40219.1
Project("{FAE04EC0-301F-11D3-BF4B-00C04F79EFBC}") = "ConsoleApp", "ConsoleApp.csproj", "{F802F97E-A818-468B-A38C-7844C372D56D}"
EndProject
Project("{FAE04EC0-301F-11D3-BF4B-00C04F79EFBC}") = "ConsoleApp.Tests", "..\ConsoleApp.Tests\ConsoleApp.Tests.csproj", "{8A5DD71B-DAD7-4061-ACF7-E6880ABA32E1}"
EndProject
Global
	GlobalSection(SolutionConfigurationPlatforms) = preSolution
		Debug|Any CPU = Debug|Any CPU
		Release|Any CPU = Release|Any CPU
	EndGlobalSection
	GlobalSection(ProjectConfigurationPlatforms) = postSolution
		{F802F97E-A818-468B-A38C-7844C372D56D}.Debug|Any CPU.ActiveCfg = Debug|Any CPU
		{F802F97E-A818-468B-A38C-7844C372D56D}.Debug|Any CPU.Build.0 = Debug|Any CPU
		{F802F97E-A818-468B-A38C-7844C372D56D}.Release|Any CPU.ActiveCfg = Release|Any CPU
		{F802F97E-A818-468B-A38C-7844C372D56D}.Release|Any CPU.Build.0 = Release|Any CPU
		{8A5DD71B-DAD7-4061-ACF7-E6880ABA32E1}.Debug|Any CPU.ActiveCfg = Debug|Any CPU
		{8A5DD71B-DAD7-4061-ACF7-E6880ABA32E1}.Debug|Any CPU.Build.0 = Debug|Any CPU
		{8A5DD71B-DAD7-4061-ACF7-E6880ABA32E1}.Release|Any CPU.ActiveCfg = Release|Any CPU
		{8A5DD71B-DAD7-4061-ACF7-E6880ABA32E1}.Release|Any CPU.Build.0 = Release|Any CPU
	EndGlobalSection
	GlobalSection(SolutionProperties) = preSolution
		HideSolutionNode = FALSE
	EndGlobalSection
	GlobalSection(ExtensibilityGlobals) = postSolution
		SolutionGuid = {6343A470-C163-46AC-8642-42B9148097C6}
	EndGlobalSection
EndGlobal
